
Microsoft Visual Studio Solution File, Format Version 12.00
# Visual Studio Version 17
VisualStudioVersion = 17.5.33530.505
MinimumVisualStudioVersion = 10.0.40219.1
Project("{FAE04EC0-301F-11D3-BF4B-00C04F79EFBC}") = "Polimorfismo", "Polimorfismo\Polimorfismo.csproj", "{46821FC7-968F-407B-8E7A-E5A83F2F93CE}"
EndProject
Global
	GlobalSection(SolutionConfigurationPlatforms) = preSolution
		Debug|Any CPU = Debug|Any CPU
		Release|Any CPU = Release|Any CPU
	EndGlobalSection
	GlobalSection(ProjectConfigurationPlatforms) = postSolution
		{46821FC7-968F-407B-8E7A-E5A83F2F93CE}.Debug|Any CPU.ActiveCfg = Debug|Any CPU
		{46821FC7-968F-407B-8E7A-E5A83F2F93CE}.Debug|Any CPU.Build.0 = Debug|Any CPU
		{46821FC7-968F-407B-8E7A-E5A83F2F93CE}.Release|Any CPU.ActiveCfg = Release|Any CPU
		{46821FC7-968F-407B-8E7A-E5A83F2F93CE}.Release|Any CPU.Build.0 = Release|Any CPU
	EndGlobalSection
	GlobalSection(SolutionProperties) = preSolution
		HideSolutionNode = FALSE
	EndGlobalSection
	GlobalSection(ExtensibilityGlobals) = postSolution
		SolutionGuid = {F1E6249D-DA00-4BF3-8AFE-6B02FE1C290C}
	EndGlobalSection
EndGlobal
